
Microsoft Visual Studio Solution File, Format Version 12.00
# Visual Studio Version 17
VisualStudioVersion = 17.11.35312.102
MinimumVisualStudioVersion = 10.0.40219.1
Project("{FAE04EC0-301F-11D3-BF4B-00C04F79EFBC}") = "AppleStore", "AppleStore\AppleStore.csproj", "{47DE7916-979A-4350-A0D4-AD5E4482B346}"
EndProject
Global
	GlobalSection(SolutionConfigurationPlatforms) = preSolution
		Debug|Any CPU = Debug|Any CPU
		Release|Any CPU = Release|Any CPU
	EndGlobalSection
	GlobalSection(ProjectConfigurationPlatforms) = postSolution
		{47DE7916-979A-4350-A0D4-AD5E4482B346}.Debug|Any CPU.ActiveCfg = Debug|Any CPU
		{47DE7916-979A-4350-A0D4-AD5E4482B346}.Debug|Any CPU.Build.0 = Debug|Any CPU
		{47DE7916-979A-4350-A0D4-AD5E4482B346}.Release|Any CPU.ActiveCfg = Release|Any CPU
		{47DE7916-979A-4350-A0D4-AD5E4482B346}.Release|Any CPU.Build.0 = Release|Any CPU
	EndGlobalSection
	GlobalSection(SolutionProperties) = preSolution
		HideSolutionNode = FALSE
	EndGlobalSection
	GlobalSection(ExtensibilityGlobals) = postSolution
		SolutionGuid = {872BA135-412E-41FD-9F9A-6C9C49E6F067}
	EndGlobalSection
EndGlobal
